// !$*UTF8*$!
{
	archiveVersion = 1;
	classes = {
	};
	objectVersion = 46;
	objects = {

/* Begin PBXBuildFile section */
		CE1E166B1F273BA700FC4EDA /* main.m in Sources */ = {isa = PBXBuildFile; fileRef = CE1E166A1F273BA700FC4EDA /* main.m */; };
		CE1E166E1F273BA700FC4EDA /* AppDelegate.m in Sources */ = {isa = PBXBuildFile; fileRef = CE1E166D1F273BA700FC4EDA /* AppDelegate.m */; };
		CE1E16711F273BA700FC4EDA /* ViewController.m in Sources */ = {isa = PBXBuildFile; fileRef = CE1E16701F273BA700FC4EDA /* ViewController.m */; };
		CE1E16741F273BA700FC4EDA /* Main.storyboard in Resources */ = {isa = PBXBuildFile; fileRef = CE1E16721F273BA700FC4EDA /* Main.storyboard */; };
		CE1E16761F273BA700FC4EDA /* Assets.xcassets in Resources */ = {isa = PBXBuildFile; fileRef = CE1E16751F273BA700FC4EDA /* Assets.xcassets */; };
		CE1E16791F273BA700FC4EDA /* LaunchScreen.storyboard in Resources */ = {isa = PBXBuildFile; fileRef = CE1E16771F273BA700FC4EDA /* LaunchScreen.storyboard */; };
		CE1E16821F273BE400FC4EDA /* CHHDataSelector.m in Sources */ = {isa = PBXBuildFile; fileRef = CE1E16811F273BE400FC4EDA /* CHHDataSelector.m */; };
		CE1E16841F273C7500FC4EDA /* CHHDataPickerView.xib in Resources */ = {isa = PBXBuildFile; fileRef = CE1E16831F273C7500FC4EDA /* CHHDataPickerView.xib */; };
		CE49387E1F28281600B327C0 /* CHHLocationDatePicker.m in Sources */ = {isa = PBXBuildFile; fileRef = CE49387D1F28281600B327C0 /* CHHLocationDatePicker.m */; };
		CE4938801F282D5900B327C0 /* CHHLocationDatePicker.xib in Resources */ = {isa = PBXBuildFile; fileRef = CE49387F1F282D5900B327C0 /* CHHLocationDatePicker.xib */; };
/* End PBXBuildFile section */

/* Begin PBXFileReference section */
		CE1E16661F273BA700FC4EDA /* CHHDataSelector.app */ = {isa = PBXFileReference; explicitFileType = wrapper.application; includeInIndex = 0; path = CHHDataSelector.app; sourceTree = BUILT_PRODUCTS_DIR; };
		CE1E166A1F273BA700FC4EDA /* main.m */ = {isa = PBXFileReference; lastKnownFileType = sourcecode.c.objc; path = main.m; sourceTree = "<group>"; };
		CE1E166C1F273BA700FC4EDA /* AppDelegate.h */ = {isa = PBXFileReference; lastKnownFileType = sourcecode.c.h; path = AppDelegate.h; sourceTree = "<group>"; };
		CE1E166D1F273BA700FC4EDA /* AppDelegate.m */ = {isa = PBXFileReference; lastKnownFileType = sourcecode.c.objc; path = AppDelegate.m; sourceTree = "<group>"; };
		CE1E166F1F273BA700FC4EDA /* ViewController.h */ = {isa = PBXFileReference; lastKnownFileType = sourcecode.c.h; path = ViewController.h; sourceTree = "<group>"; };
		CE1E16701F273BA700FC4EDA /* ViewController.m */ = {isa = PBXFileReference; lastKnownFileType = sourcecode.c.objc; path = ViewController.m; sourceTree = "<group>"; };
		CE1E16731F273BA700FC4EDA /* Base */ = {isa = PBXFileReference; lastKnownFileType = file.storyboard; name = Base; path = Base.lproj/Main.storyboard; sourceTree = "<group>"; };
		CE1E16751F273BA700FC4EDA /* Assets.xcassets */ = {isa = PBXFileReference; lastKnownFileType = folder.assetcatalog; path = Assets.xcassets; sourceTree = "<group>"; };
		CE1E16781F273BA700FC4EDA /* Base */ = {isa = PBXFileReference; lastKnownFileType = file.storyboard; name = Base; path = Base.lproj/LaunchScreen.storyboard; sourceTree = "<group>"; };
		CE1E167A1F273BA700FC4EDA /* Info.plist */ = {isa = PBXFileReference; lastKnownFileType = text.plist.xml; path = Info.plist; sourceTree = "<group>"; };
		CE1E16801F273BE400FC4EDA /* CHHDataSelector.h */ = {isa = PBXFileReference; fileEncoding = 4; lastKnownFileType = sourcecode.c.h; path = CHHDataSelector.h; sourceTree = "<group>"; };
		CE1E16811F273BE400FC4EDA /* CHHDataSelector.m */ = {isa = PBXFileReference; fileEncoding = 4; lastKnownFileType = sourcecode.c.objc; path = CHHDataSelector.m; sourceTree = "<group>"; };
		CE1E16831F273C7500FC4EDA /* CHHDataPickerView.xib */ = {isa = PBXFileReference; fileEncoding = 4; lastKnownFileType = file.xib; path = CHHDataPickerView.xib; sourceTree = "<group>"; };
		CE49387C1F28281600B327C0 /* CHHLocationDatePicker.h */ = {isa = PBXFileReference; fileEncoding = 4; lastKnownFileType = sourcecode.c.h; path = CHHLocationDatePicker.h; sourceTree = "<group>"; };
		CE49387D1F28281600B327C0 /* CHHLocationDatePicker.m */ = {isa = PBXFileReference; fileEncoding = 4; lastKnownFileType = sourcecode.c.objc; path = CHHLocationDatePicker.m; sourceTree = "<group>"; };
		CE49387F1F282D5900B327C0 /* CHHLocationDatePicker.xib */ = {isa = PBXFileReference; fileEncoding = 4; lastKnownFileType = file.xib; path = CHHLocationDatePicker.xib; sourceTree = "<group>"; };
/* End PBXFileReference section */

/* Begin PBXFrameworksBuildPhase section */
		CE1E16631F273BA700FC4EDA /* Frameworks */ = {
			isa = PBXFrameworksBuildPhase;
			buildActionMask = 2147483647;
			files = (
			);
			runOnlyForDeploymentPostprocessing = 0;
		};
/* End PBXFrameworksBuildPhase section */

/* Begin PBXGroup section */
		CE1E165D1F273BA700FC4EDA = {
			isa = PBXGroup;
			children = (
				CE1E16681F273BA700FC4EDA /* CHHDataSelector */,
				CE1E16671F273BA700FC4EDA /* Products */,
			);
			sourceTree = "<group>";
		};
		CE1E16671F273BA700FC4EDA /* Products */ = {
			isa = PBXGroup;
			children = (
				CE1E16661F273BA700FC4EDA /* CHHDataSelector.app */,
			);
			name = Products;
			sourceTree = "<group>";
		};
		CE1E16681F273BA700FC4EDA /* CHHDataSelector */ = {
			isa = PBXGroup;
			children = (
				CE49387F1F282D5900B327C0 /* CHHLocationDatePicker.xib */,
				CE1E166C1F273BA700FC4EDA /* AppDelegate.h */,
				CE1E166D1F273BA700FC4EDA /* AppDelegate.m */,
				CE1E166F1F273BA700FC4EDA /* ViewController.h */,
				CE1E16701F273BA700FC4EDA /* ViewController.m */,
				CE1E16721F273BA700FC4EDA /* Main.storyboard */,
				CE1E16751F273BA700FC4EDA /* Assets.xcassets */,
				CE1E16771F273BA700FC4EDA /* LaunchScreen.storyboard */,
				CE1E167A1F273BA700FC4EDA /* Info.plist */,
				CE1E16691F273BA700FC4EDA /* Supporting Files */,
				CE1E16801F273BE400FC4EDA /* CHHDataSelector.h */,
				CE1E16811F273BE400FC4EDA /* CHHDataSelector.m */,
				CE1E16831F273C7500FC4EDA /* CHHDataPickerView.xib */,
				CE49387C1F28281600B327C0 /* CHHLocationDatePicker.h */,
				CE49387D1F28281600B327C0 /* CHHLocationDatePicker.m */,
			);
			path = CHHDataSelector;
			sourceTree = "<group>";
		};
		CE1E16691F273BA700FC4EDA /* Supporting Files */ = {
			isa = PBXGroup;
			children = (
				CE1E166A1F273BA700FC4EDA /* main.m */,
			);
			name = "Supporting Files";
			sourceTree = "<group>";
		};
/* End PBXGroup section */

/* Begin PBXNativeTarget section */
		CE1E16651F273BA700FC4EDA /* CHHDataSelector */ = {
			isa = PBXNativeTarget;
			buildConfigurationList = CE1E167D1F273BA700FC4EDA /* Build configuration list for PBXNativeTarget "CHHDataSelector" */;
			buildPhases = (
				CE1E16621F273BA700FC4EDA /* Sources */,
				CE1E16631F273BA700FC4EDA /* Frameworks */,
				CE1E16641F273BA700FC4EDA /* Resources */,
			);
			buildRules = (
			);
			dependencies = (
			);
			name = CHHDataSelector;
			productName = CHHDataSelector;
			productReference = CE1E16661F273BA700FC4EDA /* CHHDataSelector.app */;
			productType = "com.apple.product-type.application";
		};
/* End PBXNativeTarget section */

/* Begin PBXProject section */
		CE1E165E1F273BA700FC4EDA /* Project object */ = {
			isa = PBXProject;
			attributes = {
				LastUpgradeCheck = 0830;
				ORGANIZATIONNAME = chenhh;
				TargetAttributes = {
					CE1E16651F273BA700FC4EDA = {
						CreatedOnToolsVersion = 8.3.3;
						ProvisioningStyle = Automatic;
					};
				};
			};
			buildConfigurationList = CE1E16611F273BA700FC4EDA /* Build configuration list for PBXProject "CHHDataSelector" */;
			compatibilityVersion = "Xcode 3.2";
			developmentRegion = English;
			hasScannedForEncodings = 0;
			knownRegions = (
				en,
				Base,
			);
			mainGroup = CE1E165D1F273BA700FC4EDA;
			productRefGroup = CE1E16671F273BA700FC4EDA /* Products */;
			projectDirPath = "";
			projectRoot = "";
			targets = (
				CE1E16651F273BA700FC4EDA /* CHHDataSelector */,
			);
		};
/* End PBXProject section */

/* Begin PBXResourcesBuildPhase section */
		CE1E16641F273BA700FC4EDA /* Resources */ = {
			isa = PBXResourcesBuildPhase;
			buildActionMask = 2147483647;
			files = (
				CE1E16841F273C7500FC4EDA /* CHHDataPickerView.xib in Resources */,
				CE4938801F282D5900B327C0 /* CHHLocationDatePicker.xib in Resources */,
				CE1E16791F273BA700FC4EDA /* LaunchScreen.storyboard in Resources */,
				CE1E16761F273BA700FC4EDA /* Assets.xcassets in Resources */,
				CE1E16741F273BA700FC4EDA /* Main.storyboard in Resources */,
			);
			runOnlyForDeploymentPostprocessing = 0;
		};
/* End PBXResourcesBuildPhase section */

/* Begin PBXSourcesBuildPhase section */
		CE1E16621F273BA700FC4EDA /* Sources */ = {
			isa = PBXSourcesBuildPhase;
			buildActionMask = 2147483647;
			files = (
				CE1E16711F273BA700FC4EDA /* ViewController.m in Sources */,
				CE49387E1F28281600B327C0 /* CHHLocationDatePicker.m in Sources */,
				CE1E166E1F273BA700FC4EDA /* AppDelegate.m in Sources */,
				CE1E16821F273BE400FC4EDA /* CHHDataSelector.m in Sources */,
				CE1E166B1F273BA700FC4EDA /* main.m in Sources */,
			);
			runOnlyForDeploymentPostprocessing = 0;
		};
/* End PBXSourcesBuildPhase section */

/* Begin PBXVariantGroup section */
		CE1E16721F273BA700FC4EDA /* Main.storyboard */ = {
			isa = PBXVariantGroup;
			children = (
				CE1E16731F273BA700FC4EDA /* Base */,
			);
			name = Main.storyboard;
			sourceTree = "<group>";
		};
		CE1E16771F273BA700FC4EDA /* LaunchScreen.storyboard */ = {
			isa = PBXVariantGroup;
			children = (
				CE1E16781F273BA700FC4EDA /* Base */,
			);
			name = LaunchScreen.storyboard;
			sourceTree = "<group>";
		};
/* End PBXVariantGroup section */

/* Begin XCBuildConfiguration section */
		CE1E167B1F273BA700FC4EDA /* Debug */ = {
			isa = XCBuildConfiguration;
			buildSettings = {
				ALWAYS_SEARCH_USER_PATHS = NO;
				CLANG_ANALYZER_NONNULL = YES;
				CLANG_ANALYZER_NUMBER_OBJECT_CONVERSION = YES_AGGRESSIVE;
				CLANG_CXX_LANGUAGE_STANDARD = "gnu++0x";
				CLANG_CXX_LIBRARY = "libc++";
				CLANG_ENABLE_MODULES = YES;
				CLANG_ENABLE_OBJC_ARC = YES;
				CLANG_WARN_BOOL_CONVERSION = YES;
				CLANG_WARN_CONSTANT_CONVERSION = YES;
				CLANG_WARN_DIRECT_OBJC_ISA_USAGE = YES_ERROR;
				CLANG_WARN_DOCUMENTATION_COMMENTS = YES;
				CLANG_WARN_EMPTY_BODY = YES;
				CLANG_WARN_ENUM_CONVERSION = YES;
				CLANG_WARN_INFINITE_RECURSION = YES;
				CLANG_WARN_INT_CONVERSION = YES;
				CLANG_WARN_OBJC_ROOT_CLASS = YES_ERROR;
				CLANG_WARN_SUSPICIOUS_MOVE = YES;
				CLANG_WARN_UNREACHABLE_CODE = YES;
				CLANG_WARN__DUPLICATE_METHOD_MATCH = YES;
				"CODE_SIGN_IDENTITY[sdk=iphoneos*]" = "iPhone Developer";
				COPY_PHASE_STRIP = NO;
				DEBUG_INFORMATION_FORMAT = dwarf;
				ENABLE_STRICT_OBJC_MSGSEND = YES;
				ENABLE_TESTABILITY = YES;
				GCC_C_LANGUAGE_STANDARD = gnu99;
				GCC_DYNAMIC_NO_PIC = NO;
				GCC_NO_COMMON_BLOCKS = YES;
				GCC_OPTIMIZATION_LEVEL = 0;
				GCC_PREPROCESSOR_DEFINITIONS = (
					"DEBUG=1",
					"$(inherited)",
				);
				GCC_WARN_64_TO_32_BIT_CONVERSION = YES;
				GCC_WARN_ABOUT_RETURN_TYPE = YES_ERROR;
				GCC_WARN_UNDECLARED_SELECTOR = YES;
				GCC_WARN_UNINITIALIZED_AUTOS = YES_AGGRESSIVE;
				GCC_WARN_UNUSED_FUNCTION = YES;
				GCC_WARN_UNUSED_VARIABLE = YES;
				IPHONEOS_DEPLOYMENT_TARGET = 10.3;
				MTL_ENABLE_DEBUG_INFO = YES;
				ONLY_ACTIVE_ARCH = YES;
				SDKROOT = iphoneos;
			};
			name = Debug;
		};
		CE1E167C1F273BA700FC4EDA /* Release */ = {
			isa = XCBuildConfiguration;
			buildSettings = {
				ALWAYS_SEARCH_USER_PATHS = NO;
				CLANG_ANALYZER_NONNULL = YES;
				CLANG_ANALYZER_NUMBER_OBJECT_CONVERSION = YES_AGGRESSIVE;
				CLANG_CXX_LANGUAGE_STANDARD = "gnu++0x";
				CLANG_CXX_LIBRARY = "libc++";
				CLANG_ENABLE_MODULES = YES;
				CLANG_ENABLE_OBJC_ARC = YES;
				CLANG_WARN_BOOL_CONVERSION = YES;
				CLANG_WARN_CONSTANT_CONVERSION = YES;
				CLANG_WARN_DIRECT_OBJC_ISA_USAGE = YES_ERROR;
				CLANG_WARN_DOCUMENTATION_COMMENTS = YES;
				CLANG_WARN_EMPTY_BODY = YES;
				CLANG_WARN_ENUM_CONVERSION = YES;
				CLANG_WARN_INFINITE_RECURSION = YES;
				CLANG_WARN_INT_CONVERSION = YES;
				CLANG_WARN_OBJC_ROOT_CLASS = YES_ERROR;
				CLANG_WARN_SUSPICIOUS_MOVE = YES;
				CLANG_WARN_UNREACHABLE_CODE = YES;
				CLANG_WARN__DUPLICATE_METHOD_MATCH = YES;
				"CODE_SIGN_IDENTITY[sdk=iphoneos*]" = "iPhone Developer";
				COPY_PHASE_STRIP = NO;
				DEBUG_INFORMATION_FORMAT = "dwarf-with-dsym";
				ENABLE_NS_ASSERTIONS = NO;
				ENABLE_STRICT_OBJC_MSGSEND = YES;
				GCC_C_LANGUAGE_STANDARD = gnu99;
				GCC_NO_COMMON_BLOCKS = YES;
				GCC_WARN_64_TO_32_BIT_CONVERSION = YES;
				GCC_WARN_ABOUT_RETURN_TYPE = YES_ERROR;
				GCC_WARN_UNDECLARED_SELECTOR = YES;
				GCC_WARN_UNINITIALIZED_AUTOS = YES_AGGRESSIVE;
				GCC_WARN_UNUSED_FUNCTION = YES;
				GCC_WARN_UNUSED_VARIABLE = YES;
				IPHONEOS_DEPLOYMENT_TARGET = 10.3;
				MTL_ENABLE_DEBUG_INFO = NO;
				SDKROOT = iphoneos;
				VALIDATE_PRODUCT = YES;
			};
			name = Release;
		};
		CE1E167E1F273BA700FC4EDA /* Debug */ = {
			isa = XCBuildConfiguration;
			buildSettings = {
				ASSETCATALOG_COMPILER_APPICON_NAME = AppIcon;
				INFOPLIST_FILE = CHHDataSelector/Info.plist;
				LD_RUNPATH_SEARCH_PATHS = "$(inherited) @executable_path/Frameworks";
				PRODUCT_BUNDLE_IDENTIFIER = com.chenhh.CHHDataSelector;
				PRODUCT_NAME = "$(TARGET_NAME)";
			};
			name = Debug;
		};
		CE1E167F1F273BA700FC4EDA /* Release */ = {
			isa = XCBuildConfiguration;
			buildSettings = {
				ASSETCATALOG_COMPILER_APPICON_NAME = AppIcon;
				INFOPLIST_FILE = CHHDataSelector/Info.plist;
				LD_RUNPATH_SEARCH_PATHS = "$(inherited) @executable_path/Frameworks";
				PRODUCT_BUNDLE_IDENTIFIER = com.chenhh.CHHDataSelector;
				PRODUCT_NAME = "$(TARGET_NAME)";
			};
			name = Release;
		};
/* End XCBuildConfiguration section */

/* Begin XCConfigurationList section */
		CE1E16611F273BA700FC4EDA /* Build configuration list for PBXProject "CHHDataSelector" */ = {
			isa = XCConfigurationList;
			buildConfigurations = (
				CE1E167B1F273BA700FC4EDA /* Debug */,
				CE1E167C1F273BA700FC4EDA /* Release */,
			);
			defaultConfigurationIsVisible = 0;
			defaultConfigurationName = Release;
		};
		CE1E167D1F273BA700FC4EDA /* Build configuration list for PBXNativeTarget "CHHDataSelector" */ = {
			isa = XCConfigurationList;
			buildConfigurations = (
				CE1E167E1F273BA700FC4EDA /* Debug */,
				CE1E167F1F273BA700FC4EDA /* Release */,
			);
			defaultConfigurationIsVisible = 0;
			defaultConfigurationName = Release;
		};
/* End XCConfigurationList section */
	};
	rootObject = CE1E165E1F273BA700FC4EDA /* Project object */;
}
